
Microsoft Visual Studio Solution File, Format Version 12.00
# Visual Studio Version 17
VisualStudioVersion = 17.8.34601.278
MinimumVisualStudioVersion = 10.0.40219.1
Project("{9A19103F-16F7-4668-BE54-9A1E7A4F7556}") = "WebAppMVCFootball", "WebAppMVCFootball\WebAppMVCFootball.csproj", "{945C96D4-E36A-4E31-8898-7106B6E2308B}"
EndProject
Project("{00D1A9C2-B5F0-4AF3-8072-F6C62B433612}") = "DBFootball", "DBFootball\DBFootball.sqlproj", "{1395EE51-9E43-4E46-9834-6BC1D0514457}"
EndProject
Global
	GlobalSection(SolutionConfigurationPlatforms) = preSolution
		Debug|Any CPU = Debug|Any CPU
		Release|Any CPU = Release|Any CPU
	EndGlobalSection
	GlobalSection(ProjectConfigurationPlatforms) = postSolution
		{945C96D4-E36A-4E31-8898-7106B6E2308B}.Debug|Any CPU.ActiveCfg = Debug|Any CPU
		{945C96D4-E36A-4E31-8898-7106B6E2308B}.Debug|Any CPU.Build.0 = Debug|Any CPU
		{945C96D4-E36A-4E31-8898-7106B6E2308B}.Release|Any CPU.ActiveCfg = Release|Any CPU
		{945C96D4-E36A-4E31-8898-7106B6E2308B}.Release|Any CPU.Build.0 = Release|Any CPU
		{1395EE51-9E43-4E46-9834-6BC1D0514457}.Debug|Any CPU.ActiveCfg = Debug|Any CPU
		{1395EE51-9E43-4E46-9834-6BC1D0514457}.Debug|Any CPU.Build.0 = Debug|Any CPU
		{1395EE51-9E43-4E46-9834-6BC1D0514457}.Debug|Any CPU.Deploy.0 = Debug|Any CPU
		{1395EE51-9E43-4E46-9834-6BC1D0514457}.Release|Any CPU.ActiveCfg = Release|Any CPU
		{1395EE51-9E43-4E46-9834-6BC1D0514457}.Release|Any CPU.Build.0 = Release|Any CPU
		{1395EE51-9E43-4E46-9834-6BC1D0514457}.Release|Any CPU.Deploy.0 = Release|Any CPU
	EndGlobalSection
	GlobalSection(SolutionProperties) = preSolution
		HideSolutionNode = FALSE
	EndGlobalSection
	GlobalSection(ExtensibilityGlobals) = postSolution
		SolutionGuid = {0C26BB23-C09C-4168-82BD-2BC1411E4F9E}
	EndGlobalSection
EndGlobal
